PODS:
  - Flutter (1.0.0)
  - jsx (1.0.0):
    - Flutter
    - jsx/vendor (= 1.0.0)
  - jsx/vendor (1.0.0):
    - Flutter

DEPENDENCIES:
  - Flutter (from `Flutter`)
  - jsx (from `.symlinks/plugins/jsx/ios`)

EXTERNAL SOURCES:
  Flutter:
    :path: Flutter
  jsx:
    :path: ".symlinks/plugins/jsx/ios"

SPEC CHECKSUMS:
  Flutter: 50d75fe2f02b26cc09d224853bb45737f8b3214a
  jsx: f360e75733b0cb8969bda03790bdb3e90bcc118f

PODFILE CHECKSUM: aafe91acc616949ddb318b77800a7f51bffa2a4c

COCOAPODS: 1.11.3
